
Microsoft Visual Studio Solution File, Format Version 12.00
# Visual Studio Version 16
VisualStudioVersion = 16.0.31624.102
MinimumVisualStudioVersion = 10.0.40219.1
Project("{FAE04EC0-301F-11D3-BF4B-00C04F79EFBC}") = "CoreBotAzureBootcampDemo", "CoreBotAzureBootcampDemo/CoreBotAzureBootcampDemo.csproj", "{078C537B-14E5-450E-9C48-B9197A192A82}"
EndProject
Global
	GlobalSection(SolutionConfigurationPlatforms) = preSolution
		Debug|Any CPU = Debug|Any CPU
		Release|Any CPU = Release|Any CPU
	EndGlobalSection
	GlobalSection(ProjectConfigurationPlatforms) = postSolution
		{078C537B-14E5-450E-9C48-B9197A192A82}.Debug|Any CPU.ActiveCfg = Debug|Any CPU
		{078C537B-14E5-450E-9C48-B9197A192A82}.Debug|Any CPU.Build.0 = Debug|Any CPU
		{078C537B-14E5-450E-9C48-B9197A192A82}.Release|Any CPU.ActiveCfg = Release|Any CPU
		{078C537B-14E5-450E-9C48-B9197A192A82}.Release|Any CPU.Build.0 = Release|Any CPU
	EndGlobalSection
	GlobalSection(SolutionProperties) = preSolution
		HideSolutionNode = FALSE
	EndGlobalSection
	GlobalSection(ExtensibilityGlobals) = postSolution
		SolutionGuid = {C07DC206-1BB4-4647-8181-2299078E39D1}
	EndGlobalSection
EndGlobal
